// !$*UTF8*$!
{
	archiveVersion = 1;
	classes = {
	};
	objectVersion = 55;
	objects = {

/* Begin PBXBuildFile section */
		072A55FB28C969E10032F59C /* AppDelegate.swift in Sources */ = {isa = PBXBuildFile; fileRef = 072A55FA28C969E10032F59C /* AppDelegate.swift */; };
		072A55FD28C969E10032F59C /* SceneDelegate.swift in Sources */ = {isa = PBXBuildFile; fileRef = 072A55FC28C969E10032F59C /* SceneDelegate.swift */; };
		072A55FF28C969E10032F59C /* ViewController.swift in Sources */ = {isa = PBXBuildFile; fileRef = 072A55FE28C969E10032F59C /* ViewController.swift */; };
		072A560228C969E10032F59C /* Main.storyboard in Resources */ = {isa = PBXBuildFile; fileRef = 072A560028C969E10032F59C /* Main.storyboard */; };
		072A560428C969E40032F59C /* Assets.xcassets in Resources */ = {isa = PBXBuildFile; fileRef = 072A560328C969E40032F59C /* Assets.xcassets */; };
		072A560728C969E40032F59C /* LaunchScreen.storyboard in Resources */ = {isa = PBXBuildFile; fileRef = 072A560528C969E40032F59C /* LaunchScreen.storyboard */; };
		07359D7628DBA57800CA7C1F /* ConfiguracionViewController.swift in Sources */ = {isa = PBXBuildFile; fileRef = 07359D7528DBA57800CA7C1F /* ConfiguracionViewController.swift */; };
		0756AA9A28CD33590052CC48 /* PickerDestinyViewController.swift in Sources */ = {isa = PBXBuildFile; fileRef = 0756AA9928CD33590052CC48 /* PickerDestinyViewController.swift */; };
		0756AA9C28CD46090052CC48 /* SourceButton.swift in Sources */ = {isa = PBXBuildFile; fileRef = 0756AA9B28CD46090052CC48 /* SourceButton.swift */; };
		078F191228CD60F200710740 /* CanalButtonView.swift in Sources */ = {isa = PBXBuildFile; fileRef = 078F191128CD60F200710740 /* CanalButtonView.swift */; };
		078F191428CD677500710740 /* PickerImageViewController.swift in Sources */ = {isa = PBXBuildFile; fileRef = 078F191328CD677500710740 /* PickerImageViewController.swift */; };
		100FDFCF2AE9DC56000CD671 /* EditorViewController.swift in Sources */ = {isa = PBXBuildFile; fileRef = 100FDFCD2AE9DC56000CD671 /* EditorViewController.swift */; };
		100FDFD02AE9DC56000CD671 /* EditorViewController.xib in Resources */ = {isa = PBXBuildFile; fileRef = 100FDFCE2AE9DC56000CD671 /* EditorViewController.xib */; };
		1049971228EB2E24001E9ED6 /* SwiftyPing.swift in Sources */ = {isa = PBXBuildFile; fileRef = 1049971128EB2E24001E9ED6 /* SwiftyPing.swift */; };
		1049971528EB3FB4001E9ED6 /* pickerFieldViewController.swift in Sources */ = {isa = PBXBuildFile; fileRef = 1049971328EB3FB3001E9ED6 /* pickerFieldViewController.swift */; };
		10CA89EB2AD9CC54002C6A38 /* Channels32ViewController.swift in Sources */ = {isa = PBXBuildFile; fileRef = 10CA89EA2AD9CC54002C6A38 /* Channels32ViewController.swift */; };
		10CA89ED2ADEEF55002C6A38 /* Xtensions.swift in Sources */ = {isa = PBXBuildFile; fileRef = 10CA89EC2ADEEF55002C6A38 /* Xtensions.swift */; };
		10CBA4E528E772B800C0A28A /* AVModel.xcdatamodeld in Sources */ = {isa = PBXBuildFile; fileRef = 10CBA4E328E772B800C0A28A /* AVModel.xcdatamodeld */; };
		10CBA4E828E7731E00C0A28A /* ChannelYamaha.swift in Sources */ = {isa = PBXBuildFile; fileRef = 10CBA4E728E7731E00C0A28A /* ChannelYamaha.swift */; };
		10CC198D29085D4100672B20 /* Knockout-HTF52-Cruiserweight.otf in Resources */ = {isa = PBXBuildFile; fileRef = 10CC198C29085D4100672B20 /* Knockout-HTF52-Cruiserweight.otf */; };
		10CC198F29085D4B00672B20 /* Knockout HTF49Liteweight Regular.otf in Resources */ = {isa = PBXBuildFile; fileRef = 10CC198E29085D4B00672B20 /* Knockout HTF49Liteweight Regular.otf */; };
		10CC199129085D5400672B20 /* Knockout HTF47Bantamweight Regular.otf in Resources */ = {isa = PBXBuildFile; fileRef = 10CC199029085D5400672B20 /* Knockout HTF47Bantamweight Regular.otf */; };
		EDBDE5932997D90B186D807C /* Pods_AudioVideoSwitcherAVS.framework in Frameworks */ = {isa = PBXBuildFile; fileRef = 89B8F004F5C69DD9F2036A5A /* Pods_AudioVideoSwitcherAVS.framework */; };
/* End PBXBuildFile section */

/* Begin PBXFileReference section */
		072A55F728C969E10032F59C /* AudioVideoSwitcherAVS.app */ = {isa = PBXFileReference; explicitFileType = wrapper.application; includeInIndex = 0; path = AudioVideoSwitcherAVS.app; sourceTree = BUILT_PRODUCTS_DIR; };
		072A55FA28C969E10032F59C /* AppDelegate.swift */ = {isa = PBXFileReference; lastKnownFileType = sourcecode.swift; path = AppDelegate.swift; sourceTree = "<group>"; };
		072A55FC28C969E10032F59C /* SceneDelegate.swift */ = {isa = PBXFileReference; lastKnownFileType = sourcecode.swift; path = SceneDelegate.swift; sourceTree = "<group>"; };
		072A55FE28C969E10032F59C /* ViewController.swift */ = {isa = PBXFileReference; lastKnownFileType = sourcecode.swift; path = ViewController.swift; sourceTree = "<group>"; };
		072A560128C969E10032F59C /* Base */ = {isa = PBXFileReference; lastKnownFileType = file.storyboard; name = Base; path = Base.lproj/Main.storyboard; sourceTree = "<group>"; };
		072A560328C969E40032F59C /* Assets.xcassets */ = {isa = PBXFileReference; lastKnownFileType = folder.assetcatalog; path = Assets.xcassets; sourceTree = "<group>"; };
		072A560628C969E40032F59C /* Base */ = {isa = PBXFileReference; lastKnownFileType = file.storyboard; name = Base; path = Base.lproj/LaunchScreen.storyboard; sourceTree = "<group>"; };
		072A560828C969E40032F59C /* Info.plist */ = {isa = PBXFileReference; lastKnownFileType = text.plist.xml; path = Info.plist; sourceTree = "<group>"; };
		07359D7528DBA57800CA7C1F /* ConfiguracionViewController.swift */ = {isa = PBXFileReference; lastKnownFileType = sourcecode.swift; path = ConfiguracionViewController.swift; sourceTree = "<group>"; };
		0756AA9928CD33590052CC48 /* PickerDestinyViewController.swift */ = {isa = PBXFileReference; lastKnownFileType = sourcecode.swift; path = PickerDestinyViewController.swift; sourceTree = "<group>"; };
		0756AA9B28CD46090052CC48 /* SourceButton.swift */ = {isa = PBXFileReference; lastKnownFileType = sourcecode.swift; path = SourceButton.swift; sourceTree = "<group>"; };
		078F191128CD60F200710740 /* CanalButtonView.swift */ = {isa = PBXFileReference; lastKnownFileType = sourcecode.swift; path = CanalButtonView.swift; sourceTree = "<group>"; };
		078F191328CD677500710740 /* PickerImageViewController.swift */ = {isa = PBXFileReference; lastKnownFileType = sourcecode.swift; path = PickerImageViewController.swift; sourceTree = "<group>"; };
		100FDFCD2AE9DC56000CD671 /* EditorViewController.swift */ = {isa = PBXFileReference; lastKnownFileType = sourcecode.swift; path = EditorViewController.swift; sourceTree = "<group>"; };
		100FDFCE2AE9DC56000CD671 /* EditorViewController.xib */ = {isa = PBXFileReference; lastKnownFileType = file.xib; path = EditorViewController.xib; sourceTree = "<group>"; };
		1049971128EB2E24001E9ED6 /* SwiftyPing.swift */ = {isa = PBXFileReference; fileEncoding = 4; lastKnownFileType = sourcecode.swift; path = SwiftyPing.swift; sourceTree = "<group>"; };
		1049971328EB3FB3001E9ED6 /* pickerFieldViewController.swift */ = {isa = PBXFileReference; lastKnownFileType = sourcecode.swift; path = pickerFieldViewController.swift; sourceTree = "<group>"; };
		10CA89EA2AD9CC54002C6A38 /* Channels32ViewController.swift */ = {isa = PBXFileReference; lastKnownFileType = sourcecode.swift; path = Channels32ViewController.swift; sourceTree = "<group>"; };
		10CA89EC2ADEEF55002C6A38 /* Xtensions.swift */ = {isa = PBXFileReference; lastKnownFileType = sourcecode.swift; path = Xtensions.swift; sourceTree = "<group>"; };
		10CBA4E428E772B800C0A28A /* AVModel.xcdatamodel */ = {isa = PBXFileReference; lastKnownFileType = wrapper.xcdatamodel; path = AVModel.xcdatamodel; sourceTree = "<group>"; };
		10CBA4E728E7731E00C0A28A /* ChannelYamaha.swift */ = {isa = PBXFileReference; lastKnownFileType = sourcecode.swift; path = ChannelYamaha.swift; sourceTree = "<group>"; };
		10CC198C29085D4100672B20 /* Knockout-HTF52-Cruiserweight.otf */ = {isa = PBXFileReference; lastKnownFileType = file; path = "Knockout-HTF52-Cruiserweight.otf"; sourceTree = "<group>"; };
		10CC198E29085D4B00672B20 /* Knockout HTF49Liteweight Regular.otf */ = {isa = PBXFileReference; lastKnownFileType = file; path = "Knockout HTF49Liteweight Regular.otf"; sourceTree = "<group>"; };
		10CC199029085D5400672B20 /* Knockout HTF47Bantamweight Regular.otf */ = {isa = PBXFileReference; lastKnownFileType = file; path = "Knockout HTF47Bantamweight Regular.otf"; sourceTree = "<group>"; };
		163492074C892D8F82A38413 /* Pods-AudioVideoSwitcherAVS.release.xcconfig */ = {isa = PBXFileReference; includeInIndex = 1; lastKnownFileType = text.xcconfig; name = "Pods-AudioVideoSwitcherAVS.release.xcconfig"; path = "Target Support Files/Pods-AudioVideoSwitcherAVS/Pods-AudioVideoSwitcherAVS.release.xcconfig"; sourceTree = "<group>"; };
		89B8F004F5C69DD9F2036A5A /* Pods_AudioVideoSwitcherAVS.framework */ = {isa = PBXFileReference; explicitFileType = wrapper.framework; includeInIndex = 0; path = Pods_AudioVideoSwitcherAVS.framework; sourceTree = BUILT_PRODUCTS_DIR; };
		D4E3BDCB9C6BA00E91F40DD3 /* Pods-AudioVideoSwitcherAVS.debug.xcconfig */ = {isa = PBXFileReference; includeInIndex = 1; lastKnownFileType = text.xcconfig; name = "Pods-AudioVideoSwitcherAVS.debug.xcconfig"; path = "Target Support Files/Pods-AudioVideoSwitcherAVS/Pods-AudioVideoSwitcherAVS.debug.xcconfig"; sourceTree = "<group>"; };
/* End PBXFileReference section */

/* Begin PBXFrameworksBuildPhase section */
		072A55F428C969E10032F59C /* Frameworks */ = {
			isa = PBXFrameworksBuildPhase;
			buildActionMask = 2147483647;
			files = (
				EDBDE5932997D90B186D807C /* Pods_AudioVideoSwitcherAVS.framework in Frameworks */,
			);
			runOnlyForDeploymentPostprocessing = 0;
		};
/* End PBXFrameworksBuildPhase section */

/* Begin PBXGroup section */
		072A55EE28C969E10032F59C = {
			isa = PBXGroup;
			children = (
				072A55F928C969E10032F59C /* AudioVideoSwitcherAVS */,
				072A55F828C969E10032F59C /* Products */,
				D7D3BA77DD4377BC80221052 /* Pods */,
				B06EFEB886D0B48417358B26 /* Frameworks */,
			);
			sourceTree = "<group>";
		};
		072A55F828C969E10032F59C /* Products */ = {
			isa = PBXGroup;
			children = (
				072A55F728C969E10032F59C /* AudioVideoSwitcherAVS.app */,
			);
			name = Products;
			sourceTree = "<group>";
		};
		072A55F928C969E10032F59C /* AudioVideoSwitcherAVS */ = {
			isa = PBXGroup;
			children = (
				10CC198B29085D2C00672B20 /* Fonts */,
				10CBA4E628E7730000C0A28A /* Representations */,
				072A560E28C96D340032F59C /* Views */,
				072A55FA28C969E10032F59C /* AppDelegate.swift */,
				1049971128EB2E24001E9ED6 /* SwiftyPing.swift */,
				072A55FC28C969E10032F59C /* SceneDelegate.swift */,
				072A55FE28C969E10032F59C /* ViewController.swift */,
				072A560028C969E10032F59C /* Main.storyboard */,
				072A560328C969E40032F59C /* Assets.xcassets */,
				072A560528C969E40032F59C /* LaunchScreen.storyboard */,
				072A560828C969E40032F59C /* Info.plist */,
				0756AA9928CD33590052CC48 /* PickerDestinyViewController.swift */,
				078F191328CD677500710740 /* PickerImageViewController.swift */,
				07359D7528DBA57800CA7C1F /* ConfiguracionViewController.swift */,
				10CBA4E328E772B800C0A28A /* AVModel.xcdatamodeld */,
				1049971328EB3FB3001E9ED6 /* pickerFieldViewController.swift */,
				10CA89EA2AD9CC54002C6A38 /* Channels32ViewController.swift */,
				10CA89EC2ADEEF55002C6A38 /* Xtensions.swift */,
				100FDFCD2AE9DC56000CD671 /* EditorViewController.swift */,
				100FDFCE2AE9DC56000CD671 /* EditorViewController.xib */,
			);
			path = AudioVideoSwitcherAVS;
			sourceTree = "<group>";
		};
		072A560E28C96D340032F59C /* Views */ = {
			isa = PBXGroup;
			children = (
				0756AA9B28CD46090052CC48 /* SourceButton.swift */,
				078F191128CD60F200710740 /* CanalButtonView.swift */,
			);
			path = Views;
			sourceTree = "<group>";
		};
		10CBA4E628E7730000C0A28A /* Representations */ = {
			isa = PBXGroup;
			children = (
				10CBA4E728E7731E00C0A28A /* ChannelYamaha.swift */,
			);
			path = Representations;
			sourceTree = "<group>";
		};
		10CC198B29085D2C00672B20 /* Fonts */ = {
			isa = PBXGroup;
			children = (
				10CC198C29085D4100672B20 /* Knockout-HTF52-Cruiserweight.otf */,
				10CC198E29085D4B00672B20 /* Knockout HTF49Liteweight Regular.otf */,
				10CC199029085D5400672B20 /* Knockout HTF47Bantamweight Regular.otf */,
			);
			path = Fonts;
			sourceTree = "<group>";
		};
		B06EFEB886D0B48417358B26 /* Frameworks */ = {
			isa = PBXGroup;
			children = (
				89B8F004F5C69DD9F2036A5A /* Pods_AudioVideoSwitcherAVS.framework */,
			);
			name = Frameworks;
			sourceTree = "<group>";
		};
		D7D3BA77DD4377BC80221052 /* Pods */ = {
			isa = PBXGroup;
			children = (
				D4E3BDCB9C6BA00E91F40DD3 /* Pods-AudioVideoSwitcherAVS.debug.xcconfig */,
				163492074C892D8F82A38413 /* Pods-AudioVideoSwitcherAVS.release.xcconfig */,
			);
			path = Pods;
			sourceTree = "<group>";
		};
/* End PBXGroup section */

/* Begin PBXNativeTarget section */
		072A55F628C969E10032F59C /* AudioVideoSwitcherAVS */ = {
			isa = PBXNativeTarget;
			buildConfigurationList = 072A560B28C969E40032F59C /* Build configuration list for PBXNativeTarget "AudioVideoSwitcherAVS" */;
			buildPhases = (
				48BD9FCA641BDC451313AA2E /* [CP] Check Pods Manifest.lock */,
				072A55F328C969E10032F59C /* Sources */,
				072A55F428C969E10032F59C /* Frameworks */,
				072A55F528C969E10032F59C /* Resources */,
				DFBC64870A9F93D96C926E57 /* [CP] Embed Pods Frameworks */,
			);
			buildRules = (
			);
			dependencies = (
			);
			name = AudioVideoSwitcherAVS;
			productName = AudioVideoSwitcherAVS;
			productReference = 072A55F728C969E10032F59C /* AudioVideoSwitcherAVS.app */;
			productType = "com.apple.product-type.application";
		};
/* End PBXNativeTarget section */

/* Begin PBXProject section */
		072A55EF28C969E10032F59C /* Project object */ = {
			isa = PBXProject;
			attributes = {
				BuildIndependentTargetsInParallel = 1;
				LastSwiftUpdateCheck = 1320;
				LastUpgradeCheck = 1320;
				TargetAttributes = {
					072A55F628C969E10032F59C = {
						CreatedOnToolsVersion = 13.2.1;
					};
				};
			};
			buildConfigurationList = 072A55F228C969E10032F59C /* Build configuration list for PBXProject "AudioVideoSwitcherAVS" */;
			compatibilityVersion = "Xcode 13.0";
			developmentRegion = en;
			hasScannedForEncodings = 0;
			knownRegions = (
				en,
				Base,
			);
			mainGroup = 072A55EE28C969E10032F59C;
			productRefGroup = 072A55F828C969E10032F59C /* Products */;
			projectDirPath = "";
			projectRoot = "";
			targets = (
				072A55F628C969E10032F59C /* AudioVideoSwitcherAVS */,
			);
		};
/* End PBXProject section */

/* Begin PBXResourcesBuildPhase section */
		072A55F528C969E10032F59C /* Resources */ = {
			isa = PBXResourcesBuildPhase;
			buildActionMask = 2147483647;
			files = (
				100FDFD02AE9DC56000CD671 /* EditorViewController.xib in Resources */,
				072A560728C969E40032F59C /* LaunchScreen.storyboard in Resources */,
				10CC198F29085D4B00672B20 /* Knockout HTF49Liteweight Regular.otf in Resources */,
				072A560428C969E40032F59C /* Assets.xcassets in Resources */,
				10CC199129085D5400672B20 /* Knockout HTF47Bantamweight Regular.otf in Resources */,
				10CC198D29085D4100672B20 /* Knockout-HTF52-Cruiserweight.otf in Resources */,
				072A560228C969E10032F59C /* Main.storyboard in Resources */,
			);
			runOnlyForDeploymentPostprocessing = 0;
		};
/* End PBXResourcesBuildPhase section */

/* Begin PBXShellScriptBuildPhase section */
		48BD9FCA641BDC451313AA2E /* [CP] Check Pods Manifest.lock */ = {
			isa = PBXShellScriptBuildPhase;
			buildActionMask = 2147483647;
			files = (
			);
			inputFileListPaths = (
			);
			inputPaths = (
				"${PODS_PODFILE_DIR_PATH}/Podfile.lock",
				"${PODS_ROOT}/Manifest.lock",
			);
			name = "[CP] Check Pods Manifest.lock";
			outputFileListPaths = (
			);
			outputPaths = (
				"$(DERIVED_FILE_DIR)/Pods-AudioVideoSwitcherAVS-checkManifestLockResult.txt",
			);
			runOnlyForDeploymentPostprocessing = 0;
			shellPath = /bin/sh;
			shellScript = "diff \"${PODS_PODFILE_DIR_PATH}/Podfile.lock\" \"${PODS_ROOT}/Manifest.lock\" > /dev/null\nif [ $? != 0 ] ; then\n    # print error to STDERR\n    echo \"error: The sandbox is not in sync with the Podfile.lock. Run 'pod install' or update your CocoaPods installation.\" >&2\n    exit 1\nfi\n# This output is used by Xcode 'outputs' to avoid re-running this script phase.\necho \"SUCCESS\" > \"${SCRIPT_OUTPUT_FILE_0}\"\n";
			showEnvVarsInLog = 0;
		};
		DFBC64870A9F93D96C926E57 /* [CP] Embed Pods Frameworks */ = {
			isa = PBXShellScriptBuildPhase;
			buildActionMask = 2147483647;
			files = (
			);
			inputFileListPaths = (
				"${PODS_ROOT}/Target Support Files/Pods-AudioVideoSwitcherAVS/Pods-AudioVideoSwitcherAVS-frameworks-${CONFIGURATION}-input-files.xcfilelist",
			);
			name = "[CP] Embed Pods Frameworks";
			outputFileListPaths = (
				"${PODS_ROOT}/Target Support Files/Pods-AudioVideoSwitcherAVS/Pods-AudioVideoSwitcherAVS-frameworks-${CONFIGURATION}-output-files.xcfilelist",
			);
			runOnlyForDeploymentPostprocessing = 0;
			shellPath = /bin/sh;
			shellScript = "\"${PODS_ROOT}/Target Support Files/Pods-AudioVideoSwitcherAVS/Pods-AudioVideoSwitcherAVS-frameworks.sh\"\n";
			showEnvVarsInLog = 0;
		};
/* End PBXShellScriptBuildPhase section */

/* Begin PBXSourcesBuildPhase section */
		072A55F328C969E10032F59C /* Sources */ = {
			isa = PBXSourcesBuildPhase;
			buildActionMask = 2147483647;
			files = (
				078F191228CD60F200710740 /* CanalButtonView.swift in Sources */,
				0756AA9C28CD46090052CC48 /* SourceButton.swift in Sources */,
				072A55FF28C969E10032F59C /* ViewController.swift in Sources */,
				1049971528EB3FB4001E9ED6 /* pickerFieldViewController.swift in Sources */,
				072A55FB28C969E10032F59C /* AppDelegate.swift in Sources */,
				10CA89ED2ADEEF55002C6A38 /* Xtensions.swift in Sources */,
				072A55FD28C969E10032F59C /* SceneDelegate.swift in Sources */,
				1049971228EB2E24001E9ED6 /* SwiftyPing.swift in Sources */,
				078F191428CD677500710740 /* PickerImageViewController.swift in Sources */,
				10CBA4E828E7731E00C0A28A /* ChannelYamaha.swift in Sources */,
				10CA89EB2AD9CC54002C6A38 /* Channels32ViewController.swift in Sources */,
				07359D7628DBA57800CA7C1F /* ConfiguracionViewController.swift in Sources */,
				0756AA9A28CD33590052CC48 /* PickerDestinyViewController.swift in Sources */,
				100FDFCF2AE9DC56000CD671 /* EditorViewController.swift in Sources */,
				10CBA4E528E772B800C0A28A /* AVModel.xcdatamodeld in Sources */,
			);
			runOnlyForDeploymentPostprocessing = 0;
		};
/* End PBXSourcesBuildPhase section */

/* Begin PBXVariantGroup section */
		072A560028C969E10032F59C /* Main.storyboard */ = {
			isa = PBXVariantGroup;
			children = (
				072A560128C969E10032F59C /* Base */,
			);
			name = Main.storyboard;
			sourceTree = "<group>";
		};
		072A560528C969E40032F59C /* LaunchScreen.storyboard */ = {
			isa = PBXVariantGroup;
			children = (
				072A560628C969E40032F59C /* Base */,
			);
			name = LaunchScreen.storyboard;
			sourceTree = "<group>";
		};
/* End PBXVariantGroup section */

/* Begin XCBuildConfiguration section */
		072A560928C969E40032F59C /* Debug */ = {
			isa = XCBuildConfiguration;
			buildSettings = {
				ALWAYS_SEARCH_USER_PATHS = NO;
				CLANG_ANALYZER_NONNULL = YES;
				CLANG_ANALYZER_NUMBER_OBJECT_CONVERSION = YES_AGGRESSIVE;
				CLANG_CXX_LANGUAGE_STANDARD = "gnu++17";
				CLANG_CXX_LIBRARY = "libc++";
				CLANG_ENABLE_MODULES = YES;
				CLANG_ENABLE_OBJC_ARC = YES;
				CLANG_ENABLE_OBJC_WEAK = YES;
				CLANG_WARN_BLOCK_CAPTURE_AUTORELEASING = YES;
				CLANG_WARN_BOOL_CONVERSION = YES;
				CLANG_WARN_COMMA = YES;
				CLANG_WARN_CONSTANT_CONVERSION = YES;
				CLANG_WARN_DEPRECATED_OBJC_IMPLEMENTATIONS = YES;
				CLANG_WARN_DIRECT_OBJC_ISA_USAGE = YES_ERROR;
				CLANG_WARN_DOCUMENTATION_COMMENTS = YES;
				CLANG_WARN_EMPTY_BODY = YES;
				CLANG_WARN_ENUM_CONVERSION = YES;
				CLANG_WARN_INFINITE_RECURSION = YES;
				CLANG_WARN_INT_CONVERSION = YES;
				CLANG_WARN_NON_LITERAL_NULL_CONVERSION = YES;
				CLANG_WARN_OBJC_IMPLICIT_RETAIN_SELF = YES;
				CLANG_WARN_OBJC_LITERAL_CONVERSION = YES;
				CLANG_WARN_OBJC_ROOT_CLASS = YES_ERROR;
				CLANG_WARN_QUOTED_INCLUDE_IN_FRAMEWORK_HEADER = YES;
				CLANG_WARN_RANGE_LOOP_ANALYSIS = YES;
				CLANG_WARN_STRICT_PROTOTYPES = YES;
				CLANG_WARN_SUSPICIOUS_MOVE = YES;
				CLANG_WARN_UNGUARDED_AVAILABILITY = YES_AGGRESSIVE;
				CLANG_WARN_UNREACHABLE_CODE = YES;
				CLANG_WARN__DUPLICATE_METHOD_MATCH = YES;
				COPY_PHASE_STRIP = NO;
				DEBUG_INFORMATION_FORMAT = dwarf;
				ENABLE_STRICT_OBJC_MSGSEND = YES;
				ENABLE_TESTABILITY = YES;
				GCC_C_LANGUAGE_STANDARD = gnu11;
				GCC_DYNAMIC_NO_PIC = NO;
				GCC_NO_COMMON_BLOCKS = YES;
				GCC_OPTIMIZATION_LEVEL = 0;
				GCC_PREPROCESSOR_DEFINITIONS = (
					"DEBUG=1",
					"$(inherited)",
				);
				GCC_WARN_64_TO_32_BIT_CONVERSION = YES;
				GCC_WARN_ABOUT_RETURN_TYPE = YES_ERROR;
				GCC_WARN_UNDECLARED_SELECTOR = YES;
				GCC_WARN_UNINITIALIZED_AUTOS = YES_AGGRESSIVE;
				GCC_WARN_UNUSED_FUNCTION = YES;
				GCC_WARN_UNUSED_VARIABLE = YES;
				IPHONEOS_DEPLOYMENT_TARGET = 13.0;
				MTL_ENABLE_DEBUG_INFO = INCLUDE_SOURCE;
				MTL_FAST_MATH = YES;
				ONLY_ACTIVE_ARCH = YES;
				SDKROOT = iphoneos;
				SWIFT_ACTIVE_COMPILATION_CONDITIONS = DEBUG;
				SWIFT_OPTIMIZATION_LEVEL = "-Onone";
			};
			name = Debug;
		};
		072A560A28C969E40032F59C /* Release */ = {
			isa = XCBuildConfiguration;
			buildSettings = {
				ALWAYS_SEARCH_USER_PATHS = NO;
				CLANG_ANALYZER_NONNULL = YES;
				CLANG_ANALYZER_NUMBER_OBJECT_CONVERSION = YES_AGGRESSIVE;
				CLANG_CXX_LANGUAGE_STANDARD = "gnu++17";
				CLANG_CXX_LIBRARY = "libc++";
				CLANG_ENABLE_MODULES = YES;
				CLANG_ENABLE_OBJC_ARC = YES;
				CLANG_ENABLE_OBJC_WEAK = YES;
				CLANG_WARN_BLOCK_CAPTURE_AUTORELEASING = YES;
				CLANG_WARN_BOOL_CONVERSION = YES;
				CLANG_WARN_COMMA = YES;
				CLANG_WARN_CONSTANT_CONVERSION = YES;
				CLANG_WARN_DEPRECATED_OBJC_IMPLEMENTATIONS = YES;
				CLANG_WARN_DIRECT_OBJC_ISA_USAGE = YES_ERROR;
				CLANG_WARN_DOCUMENTATION_COMMENTS = YES;
				CLANG_WARN_EMPTY_BODY = YES;
				CLANG_WARN_ENUM_CONVERSION = YES;
				CLANG_WARN_INFINITE_RECURSION = YES;
				CLANG_WARN_INT_CONVERSION = YES;
				CLANG_WARN_NON_LITERAL_NULL_CONVERSION = YES;
				CLANG_WARN_OBJC_IMPLICIT_RETAIN_SELF = YES;
				CLANG_WARN_OBJC_LITERAL_CONVERSION = YES;
				CLANG_WARN_OBJC_ROOT_CLASS = YES_ERROR;
				CLANG_WARN_QUOTED_INCLUDE_IN_FRAMEWORK_HEADER = YES;
				CLANG_WARN_RANGE_LOOP_ANALYSIS = YES;
				CLANG_WARN_STRICT_PROTOTYPES = YES;
				CLANG_WARN_SUSPICIOUS_MOVE = YES;
				CLANG_WARN_UNGUARDED_AVAILABILITY = YES_AGGRESSIVE;
				CLANG_WARN_UNREACHABLE_CODE = YES;
				CLANG_WARN__DUPLICATE_METHOD_MATCH = YES;
				COPY_PHASE_STRIP = NO;
				DEBUG_INFORMATION_FORMAT = "dwarf-with-dsym";
				ENABLE_NS_ASSERTIONS = NO;
				ENABLE_STRICT_OBJC_MSGSEND = YES;
				GCC_C_LANGUAGE_STANDARD = gnu11;
				GCC_NO_COMMON_BLOCKS = YES;
				GCC_WARN_64_TO_32_BIT_CONVERSION = YES;
				GCC_WARN_ABOUT_RETURN_TYPE = YES_ERROR;
				GCC_WARN_UNDECLARED_SELECTOR = YES;
				GCC_WARN_UNINITIALIZED_AUTOS = YES_AGGRESSIVE;
				GCC_WARN_UNUSED_FUNCTION = YES;
				GCC_WARN_UNUSED_VARIABLE = YES;
				IPHONEOS_DEPLOYMENT_TARGET = 13.0;
				MTL_ENABLE_DEBUG_INFO = NO;
				MTL_FAST_MATH = YES;
				SDKROOT = iphoneos;
				SWIFT_COMPILATION_MODE = wholemodule;
				SWIFT_OPTIMIZATION_LEVEL = "-O";
				VALIDATE_PRODUCT = YES;
			};
			name = Release;
		};
		072A560C28C969E40032F59C /* Debug */ = {
			isa = XCBuildConfiguration;
			baseConfigurationReference = D4E3BDCB9C6BA00E91F40DD3 /* Pods-AudioVideoSwitcherAVS.debug.xcconfig */;
			buildSettings = {
				ASSETCATALOG_COMPILER_APPICON_NAME = AppIcon;
				ASSETCATALOG_COMPILER_GLOBAL_ACCENT_COLOR_NAME = AccentColor;
				CODE_SIGN_STYLE = Automatic;
				CURRENT_PROJECT_VERSION = 1;
				DEVELOPMENT_TEAM = L23RS22M69;
				GENERATE_INFOPLIST_FILE = YES;
				INFOPLIST_FILE = AudioVideoSwitcherAVS/Info.plist;
				INFOPLIST_KEY_UIApplicationSupportsIndirectInputEvents = YES;
				INFOPLIST_KEY_UILaunchStoryboardName = LaunchScreen;
				INFOPLIST_KEY_UIMainStoryboardFile = Main;
				INFOPLIST_KEY_UIRequiresFullScreen = YES;
				INFOPLIST_KEY_UISupportedInterfaceOrientations_iPad = "UIInterfaceOrientationLandscapeRight UIInterfaceOrientationLandscapeLeft";
				INFOPLIST_KEY_UISupportedInterfaceOrientations_iPhone = "UIInterfaceOrientationPortrait UIInterfaceOrientationLandscapeLeft UIInterfaceOrientationLandscapeRight";
				IPHONEOS_DEPLOYMENT_TARGET = 14.0;
				LD_RUNPATH_SEARCH_PATHS = (
					"$(inherited)",
					"@executable_path/Frameworks",
				);
				MARKETING_VERSION = 1.0;
				PRODUCT_BUNDLE_IDENTIFIER = com.avs.AudioVideoSwitcherAVS;
				PRODUCT_NAME = "$(TARGET_NAME)";
				SWIFT_EMIT_LOC_STRINGS = YES;
				SWIFT_VERSION = 5.0;
				TARGETED_DEVICE_FAMILY = 2;
			};
			name = Debug;
		};
		072A560D28C969E40032F59C /* Release */ = {
			isa = XCBuildConfiguration;
			baseConfigurationReference = 163492074C892D8F82A38413 /* Pods-AudioVideoSwitcherAVS.release.xcconfig */;
			buildSettings = {
				ASSETCATALOG_COMPILER_APPICON_NAME = AppIcon;
				ASSETCATALOG_COMPILER_GLOBAL_ACCENT_COLOR_NAME = AccentColor;
				CODE_SIGN_STYLE = Automatic;
				CURRENT_PROJECT_VERSION = 1;
				DEVELOPMENT_TEAM = L23RS22M69;
				GENERATE_INFOPLIST_FILE = YES;
				INFOPLIST_FILE = AudioVideoSwitcherAVS/Info.plist;
				INFOPLIST_KEY_UIApplicationSupportsIndirectInputEvents = YES;
				INFOPLIST_KEY_UILaunchStoryboardName = LaunchScreen;
				INFOPLIST_KEY_UIMainStoryboardFile = Main;
				INFOPLIST_KEY_UIRequiresFullScreen = YES;
				INFOPLIST_KEY_UISupportedInterfaceOrientations_iPad = "UIInterfaceOrientationLandscapeRight UIInterfaceOrientationLandscapeLeft";
				INFOPLIST_KEY_UISupportedInterfaceOrientations_iPhone = "UIInterfaceOrientationPortrait UIInterfaceOrientationLandscapeLeft UIInterfaceOrientationLandscapeRight";
				IPHONEOS_DEPLOYMENT_TARGET = 14.0;
				LD_RUNPATH_SEARCH_PATHS = (
					"$(inherited)",
					"@executable_path/Frameworks",
				);
				MARKETING_VERSION = 1.0;
				PRODUCT_BUNDLE_IDENTIFIER = com.avs.AudioVideoSwitcherAVS;
				PRODUCT_NAME = "$(TARGET_NAME)";
				SWIFT_EMIT_LOC_STRINGS = YES;
				SWIFT_VERSION = 5.0;
				TARGETED_DEVICE_FAMILY = 2;
			};
			name = Release;
		};
/* End XCBuildConfiguration section */

/* Begin XCConfigurationList section */
		072A55F228C969E10032F59C /* Build configuration list for PBXProject "AudioVideoSwitcherAVS" */ = {
			isa = XCConfigurationList;
			buildConfigurations = (
				072A560928C969E40032F59C /* Debug */,
				072A560A28C969E40032F59C /* Release */,
			);
			defaultConfigurationIsVisible = 0;
			defaultConfigurationName = Release;
		};
		072A560B28C969E40032F59C /* Build configuration list for PBXNativeTarget "AudioVideoSwitcherAVS" */ = {
			isa = XCConfigurationList;
			buildConfigurations = (
				072A560C28C969E40032F59C /* Debug */,
				072A560D28C969E40032F59C /* Release */,
			);
			defaultConfigurationIsVisible = 0;
			defaultConfigurationName = Release;
		};
/* End XCConfigurationList section */

/* Begin XCVersionGroup section */
		10CBA4E328E772B800C0A28A /* AVModel.xcdatamodeld */ = {
			isa = XCVersionGroup;
			children = (
				10CBA4E428E772B800C0A28A /* AVModel.xcdatamodel */,
			);
			currentVersion = 10CBA4E428E772B800C0A28A /* AVModel.xcdatamodel */;
			path = AVModel.xcdatamodeld;
			sourceTree = "<group>";
			versionGroupType = wrapper.xcdatamodel;
		};
/* End XCVersionGroup section */
	};
	rootObject = 072A55EF28C969E10032F59C /* Project object */;
}
